Microsoft Visual Studio Solution File, Format Version 12.00
# Visual Studio Version 17
VisualStudioVersion = 17.5.33516.290
MinimumVisualStudioVersion = 10.0.40219.1
Project("{9A19103F-16F7-4668-BE54-9A1E7A4F7556}") = "NexusEF", "NexusEF\NexusEF.csproj", "{AD24872C-8B4A-4D3C-ABED-E4CD8C09C8C5}"
EndProject
Project("{9A19103F-16F7-4668-BE54-9A1E7A4F7556}") = "NexusCore", "NexusCore\NexusCore.csproj", "{23407850-427C-40D5-A17B-660BC22E684F}"
EndProject
Project("{9A19103F-16F7-4668-BE54-9A1E7A4F7556}") = "NexusLogging", "NexusLogging\NexusLogging.csproj", "{83DE8138-8032-4D5F-BBBD-03495AFF00F6}"
EndProject
Project("{9A19103F-16F7-4668-BE54-9A1E7A4F7556}") = "Nexus.WindowsForms", "Nexus.WindowsForms\Nexus.WindowsForms.csproj", "{F16E9E99-EDF6-4074-A0E0-4552242EE242}"
EndProject
Project("{2150E333-8FDC-42A3-9474-1A3956D46DE8}") = "Solution Items", "Solution Items", "{C31800BD-EF50-48F3-B19C-9E0267B653BD}"
EndProject
Project("{9A19103F-16F7-4668-BE54-9A1E7A4F7556}") = "Nexus.Blazor", "Nexus.Blazor\Nexus.Blazor.csproj", "{FC699198-5303-4A11-9FDE-7AB4722EF27D}"
EndProject
Global
	GlobalSection(SolutionConfigurationPlatforms) = preSolution
		Debug|Any CPU = Debug|Any CPU
		Release|Any CPU = Release|Any CPU
	EndGlobalSection
	GlobalSection(ProjectConfigurationPlatforms) = postSolution
		{AD24872C-8B4A-4D3C-ABED-E4CD8C09C8C5}.Debug|Any CPU.ActiveCfg = Debug|Any CPU
		{AD24872C-8B4A-4D3C-ABED-E4CD8C09C8C5}.Debug|Any CPU.Build.0 = Debug|Any CPU
		{AD24872C-8B4A-4D3C-ABED-E4CD8C09C8C5}.Release|Any CPU.ActiveCfg = Release|Any CPU
		{AD24872C-8B4A-4D3C-ABED-E4CD8C09C8C5}.Release|Any CPU.Build.0 = Release|Any CPU
		{23407850-427C-40D5-A17B-660BC22E684F}.Debug|Any CPU.ActiveCfg = Debug|Any CPU
		{23407850-427C-40D5-A17B-660BC22E684F}.Debug|Any CPU.Build.0 = Debug|Any CPU
		{23407850-427C-40D5-A17B-660BC22E684F}.Release|Any CPU.ActiveCfg = Release|Any CPU
		{23407850-427C-40D5-A17B-660BC22E684F}.Release|Any CPU.Build.0 = Release|Any CPU
		{83DE8138-8032-4D5F-BBBD-03495AFF00F6}.Debug|Any CPU.ActiveCfg = Debug|Any CPU
		{83DE8138-8032-4D5F-BBBD-03495AFF00F6}.Debug|Any CPU.Build.0 = Debug|Any CPU
		{83DE8138-8032-4D5F-BBBD-03495AFF00F6}.Release|Any CPU.ActiveCfg = Release|Any CPU
		{83DE8138-8032-4D5F-BBBD-03495AFF00F6}.Release|Any CPU.Build.0 = Release|Any CPU
		{F16E9E99-EDF6-4074-A0E0-4552242EE242}.Debug|Any CPU.ActiveCfg = Debug|Any CPU
		{F16E9E99-EDF6-4074-A0E0-4552242EE242}.Debug|Any CPU.Build.0 = Debug|Any CPU
		{F16E9E99-EDF6-4074-A0E0-4552242EE242}.Release|Any CPU.ActiveCfg = Release|Any CPU
		{F16E9E99-EDF6-4074-A0E0-4552242EE242}.Release|Any CPU.Build.0 = Release|Any CPU
		{FC699198-5303-4A11-9FDE-7AB4722EF27D}.Debug|Any CPU.ActiveCfg = Debug|Any CPU
		{FC699198-5303-4A11-9FDE-7AB4722EF27D}.Debug|Any CPU.Build.0 = Debug|Any CPU
		{FC699198-5303-4A11-9FDE-7AB4722EF27D}.Release|Any CPU.ActiveCfg = Release|Any CPU
		{FC699198-5303-4A11-9FDE-7AB4722EF27D}.Release|Any CPU.Build.0 = Release|Any CPU
	EndGlobalSection
	GlobalSection(SolutionProperties) = preSolution
		HideSolutionNode = FALSE
	EndGlobalSection
	GlobalSection(ExtensibilityGlobals) = postSolution
		SolutionGuid = {4E2BFF65-3C1C-43C0-BAD4-F85D055F1917}
	EndGlobalSection
EndGlobal
