
Microsoft Visual Studio Solution File, Format Version 12.00
# Visual Studio Version 17
VisualStudioVersion = 17.5.33516.290
MinimumVisualStudioVersion = 10.0.40219.1
Project("{9A19103F-16F7-4668-BE54-9A1E7A4F7556}") = "PadocQuantum", "PadocQuantum\PadocQuantum.csproj", "{DC27AA92-9D61-4673-A107-364C345E1514}"
EndProject
Project("{9A19103F-16F7-4668-BE54-9A1E7A4F7556}") = "PadocEF", "PadocEF\PadocEF.csproj", "{AD24872C-8B4A-4D3C-ABED-E4CD8C09C8C5}"
EndProject
Project("{FAE04EC0-301F-11D3-BF4B-00C04F79EFBC}") = "PadocQuantumTests", "PadocQuantumTests\PadocQuantumTests.csproj", "{65495A41-581F-41A1-A493-A587D76C4B8F}"
EndProject
Project("{9A19103F-16F7-4668-BE54-9A1E7A4F7556}") = "PadocLogging", "PadocLogging\PadocLogging.csproj", "{B4711014-7D44-4A54-85D5-205CC11F2739}"
EndProject
Project("{9A19103F-16F7-4668-BE54-9A1E7A4F7556}") = "PadocAI", "PadocAI\PadocAI.csproj", "{2025C8BB-D887-4D1F-AEAA-B6D2B0FDA65D}"
EndProject
Project("{9A19103F-16F7-4668-BE54-9A1E7A4F7556}") = "PadocQuantum2", "PadocQuantum2\PadocQuantum2.csproj", "{23407850-427C-40D5-A17B-660BC22E684F}"
EndProject
Project("{9A19103F-16F7-4668-BE54-9A1E7A4F7556}") = "PadocQuantum2Logging", "PadocQuantum2Logging\PadocQuantum2Logging.csproj", "{83DE8138-8032-4D5F-BBBD-03495AFF00F6}"
EndProject
Project("{FAE04EC0-301F-11D3-BF4B-00C04F79EFBC}") = "Padoc.Web", "Padoc.Web\Padoc.Web.csproj", "{8EFEFDB6-62D1-4E7E-8D95-D9ABDAE24C27}"
EndProject
Global
	GlobalSection(SolutionConfigurationPlatforms) = preSolution
		Debug|Any CPU = Debug|Any CPU
		Release|Any CPU = Release|Any CPU
	EndGlobalSection
	GlobalSection(ProjectConfigurationPlatforms) = postSolution
		{DC27AA92-9D61-4673-A107-364C345E1514}.Debug|Any CPU.ActiveCfg = Debug|Any CPU
		{DC27AA92-9D61-4673-A107-364C345E1514}.Debug|Any CPU.Build.0 = Debug|Any CPU
		{DC27AA92-9D61-4673-A107-364C345E1514}.Release|Any CPU.ActiveCfg = Release|Any CPU
		{DC27AA92-9D61-4673-A107-364C345E1514}.Release|Any CPU.Build.0 = Release|Any CPU
		{AD24872C-8B4A-4D3C-ABED-E4CD8C09C8C5}.Debug|Any CPU.ActiveCfg = Debug|Any CPU
		{AD24872C-8B4A-4D3C-ABED-E4CD8C09C8C5}.Debug|Any CPU.Build.0 = Debug|Any CPU
		{AD24872C-8B4A-4D3C-ABED-E4CD8C09C8C5}.Release|Any CPU.ActiveCfg = Release|Any CPU
		{AD24872C-8B4A-4D3C-ABED-E4CD8C09C8C5}.Release|Any CPU.Build.0 = Release|Any CPU
		{65495A41-581F-41A1-A493-A587D76C4B8F}.Debug|Any CPU.ActiveCfg = Debug|Any CPU
		{65495A41-581F-41A1-A493-A587D76C4B8F}.Debug|Any CPU.Build.0 = Debug|Any CPU
		{65495A41-581F-41A1-A493-A587D76C4B8F}.Release|Any CPU.ActiveCfg = Release|Any CPU
		{65495A41-581F-41A1-A493-A587D76C4B8F}.Release|Any CPU.Build.0 = Release|Any CPU
		{B4711014-7D44-4A54-85D5-205CC11F2739}.Debug|Any CPU.ActiveCfg = Debug|Any CPU
		{B4711014-7D44-4A54-85D5-205CC11F2739}.Debug|Any CPU.Build.0 = Debug|Any CPU
		{B4711014-7D44-4A54-85D5-205CC11F2739}.Release|Any CPU.ActiveCfg = Release|Any CPU
		{B4711014-7D44-4A54-85D5-205CC11F2739}.Release|Any CPU.Build.0 = Release|Any CPU
		{2025C8BB-D887-4D1F-AEAA-B6D2B0FDA65D}.Debug|Any CPU.ActiveCfg = Debug|Any CPU
		{2025C8BB-D887-4D1F-AEAA-B6D2B0FDA65D}.Debug|Any CPU.Build.0 = Debug|Any CPU
		{2025C8BB-D887-4D1F-AEAA-B6D2B0FDA65D}.Release|Any CPU.ActiveCfg = Release|Any CPU
		{2025C8BB-D887-4D1F-AEAA-B6D2B0FDA65D}.Release|Any CPU.Build.0 = Release|Any CPU
		{23407850-427C-40D5-A17B-660BC22E684F}.Debug|Any CPU.ActiveCfg = Debug|Any CPU
		{23407850-427C-40D5-A17B-660BC22E684F}.Debug|Any CPU.Build.0 = Debug|Any CPU
		{23407850-427C-40D5-A17B-660BC22E684F}.Release|Any CPU.ActiveCfg = Release|Any CPU
		{23407850-427C-40D5-A17B-660BC22E684F}.Release|Any CPU.Build.0 = Release|Any CPU
		{83DE8138-8032-4D5F-BBBD-03495AFF00F6}.Debug|Any CPU.ActiveCfg = Debug|Any CPU
		{83DE8138-8032-4D5F-BBBD-03495AFF00F6}.Debug|Any CPU.Build.0 = Debug|Any CPU
		{83DE8138-8032-4D5F-BBBD-03495AFF00F6}.Release|Any CPU.ActiveCfg = Release|Any CPU
		{83DE8138-8032-4D5F-BBBD-03495AFF00F6}.Release|Any CPU.Build.0 = Release|Any CPU
		{8EFEFDB6-62D1-4E7E-8D95-D9ABDAE24C27}.Debug|Any CPU.ActiveCfg = Debug|Any CPU
		{8EFEFDB6-62D1-4E7E-8D95-D9ABDAE24C27}.Debug|Any CPU.Build.0 = Debug|Any CPU
		{8EFEFDB6-62D1-4E7E-8D95-D9ABDAE24C27}.Release|Any CPU.ActiveCfg = Release|Any CPU
		{8EFEFDB6-62D1-4E7E-8D95-D9ABDAE24C27}.Release|Any CPU.Build.0 = Release|Any CPU
	EndGlobalSection
	GlobalSection(SolutionProperties) = preSolution
		HideSolutionNode = FALSE
	EndGlobalSection
	GlobalSection(ExtensibilityGlobals) = postSolution
		SolutionGuid = {4E2BFF65-3C1C-43C0-BAD4-F85D055F1917}
	EndGlobalSection
EndGlobal
